
Microsoft Visual Studio Solution File, Format Version 12.00
# Visual Studio Version 16
VisualStudioVersion = 16.0.30711.63
MinimumVisualStudioVersion = 10.0.40219.1
Project("{8BC9CEB8-8B4A-11D0-8D11-00A0C91BC942}") = "Lab4.1", "Lab4.1\Lab4.1.vcxproj", "{B96A1280-74C5-4B3E-A03D-7F9277767A63}"
EndProject
Global
	GlobalSection(SolutionConfigurationPlatforms) = preSolution
		Debug|x64 = Debug|x64
		Debug|x86 = Debug|x86
		Release|x64 = Release|x64
		Release|x86 = Release|x86
	EndGlobalSection
	GlobalSection(ProjectConfigurationPlatforms) = postSolution
		{B96A1280-74C5-4B3E-A03D-7F9277767A63}.Debug|x64.ActiveCfg = Debug|x64
		{B96A1280-74C5-4B3E-A03D-7F9277767A63}.Debug|x64.Build.0 = Debug|x64
		{B96A1280-74C5-4B3E-A03D-7F9277767A63}.Debug|x86.ActiveCfg = Debug|Win32
		{B96A1280-74C5-4B3E-A03D-7F9277767A63}.Debug|x86.Build.0 = Debug|Win32
		{B96A1280-74C5-4B3E-A03D-7F9277767A63}.Release|x64.ActiveCfg = Release|x64
		{B96A1280-74C5-4B3E-A03D-7F9277767A63}.Release|x64.Build.0 = Release|x64
		{B96A1280-74C5-4B3E-A03D-7F9277767A63}.Release|x86.ActiveCfg = Release|Win32
		{B96A1280-74C5-4B3E-A03D-7F9277767A63}.Release|x86.Build.0 = Release|Win32
	EndGlobalSection
	GlobalSection(SolutionProperties) = preSolution
		HideSolutionNode = FALSE
	EndGlobalSection
	GlobalSection(ExtensibilityGlobals) = postSolution
		SolutionGuid = {91DFFD71-B51E-4BF8-9856-9B578F192351}
	EndGlobalSection
EndGlobal
